
Microsoft Visual Studio Solution File, Format Version 12.00
# Visual Studio 15
VisualStudioVersion = 15.0.28307.539
MinimumVisualStudioVersion = 10.0.40219.1
Project("{FAE04EC0-301F-11D3-BF4B-00C04F79EFBC}") = "Weixiao_Framework", "Weixiao_Framework\Weixiao_Framework.csproj", "{706CA9B5-B2EF-4F52-B74A-42C3DDE9FB65}"
EndProject
Project("{FAE04EC0-301F-11D3-BF4B-00C04F79EFBC}") = "Weixiao_Framework.Tests", "Weixiao_Framework.Tests\Weixiao_Framework.Tests.csproj", "{9A034F01-038C-4538-B0C0-4C820FE88609}"
EndProject
Global
	GlobalSection(SolutionConfigurationPlatforms) = preSolution
		Debug|Any CPU = Debug|Any CPU
		Release|Any CPU = Release|Any CPU
	EndGlobalSection
	GlobalSection(ProjectConfigurationPlatforms) = postSolution
		{706CA9B5-B2EF-4F52-B74A-42C3DDE9FB65}.Debug|Any CPU.ActiveCfg = Debug|Any CPU
		{706CA9B5-B2EF-4F52-B74A-42C3DDE9FB65}.Debug|Any CPU.Build.0 = Debug|Any CPU
		{706CA9B5-B2EF-4F52-B74A-42C3DDE9FB65}.Release|Any CPU.ActiveCfg = Release|Any CPU
		{706CA9B5-B2EF-4F52-B74A-42C3DDE9FB65}.Release|Any CPU.Build.0 = Release|Any CPU
		{9A034F01-038C-4538-B0C0-4C820FE88609}.Debug|Any CPU.ActiveCfg = Debug|Any CPU
		{9A034F01-038C-4538-B0C0-4C820FE88609}.Debug|Any CPU.Build.0 = Debug|Any CPU
		{9A034F01-038C-4538-B0C0-4C820FE88609}.Release|Any CPU.ActiveCfg = Release|Any CPU
		{9A034F01-038C-4538-B0C0-4C820FE88609}.Release|Any CPU.Build.0 = Release|Any CPU
	EndGlobalSection
	GlobalSection(SolutionProperties) = preSolution
		HideSolutionNode = FALSE
	EndGlobalSection
	GlobalSection(ExtensibilityGlobals) = postSolution
		SolutionGuid = {0432C7B7-8EBC-41F2-A1E2-A571F6A084BB}
	EndGlobalSection
EndGlobal
